
Microsoft Visual Studio Solution File, Format Version 12.00
# Visual Studio Version 17
VisualStudioVersion = 17.2.32630.192
MinimumVisualStudioVersion = 10.0.40219.1
Project("{8BC9CEB8-8B4A-11D0-8D11-00A0C91BC942}") = "字符串结束标志", "康复训练\康复训练.vcxproj", "{F5F07C99-AFE3-4695-A7A1-94BC0A9A358D}"
EndProject
Global
	GlobalSection(SolutionConfigurationPlatforms) = preSolution
		Debug|x64 = Debug|x64
		Debug|x86 = Debug|x86
		Release|x64 = Release|x64
		Release|x86 = Release|x86
	EndGlobalSection
	GlobalSection(ProjectConfigurationPlatforms) = postSolution
		{F5F07C99-AFE3-4695-A7A1-94BC0A9A358D}.Debug|x64.ActiveCfg = Debug|x64
		{F5F07C99-AFE3-4695-A7A1-94BC0A9A358D}.Debug|x64.Build.0 = Debug|x64
		{F5F07C99-AFE3-4695-A7A1-94BC0A9A358D}.Debug|x86.ActiveCfg = Debug|Win32
		{F5F07C99-AFE3-4695-A7A1-94BC0A9A358D}.Debug|x86.Build.0 = Debug|Win32
		{F5F07C99-AFE3-4695-A7A1-94BC0A9A358D}.Release|x64.ActiveCfg = Release|x64
		{F5F07C99-AFE3-4695-A7A1-94BC0A9A358D}.Release|x64.Build.0 = Release|x64
		{F5F07C99-AFE3-4695-A7A1-94BC0A9A358D}.Release|x86.ActiveCfg = Release|Win32
		{F5F07C99-AFE3-4695-A7A1-94BC0A9A358D}.Release|x86.Build.0 = Release|Win32
	EndGlobalSection
	GlobalSection(SolutionProperties) = preSolution
		HideSolutionNode = FALSE
	EndGlobalSection
	GlobalSection(ExtensibilityGlobals) = postSolution
		SolutionGuid = {3A566891-0EBC-49E2-B0B0-0BD317962F62}
	EndGlobalSection
EndGlobal
