
Microsoft Visual Studio Solution File, Format Version 12.00
# Visual Studio Version 17
VisualStudioVersion = 17.2.32630.192
MinimumVisualStudioVersion = 10.0.40219.1
Project("{8BC9CEB8-8B4A-11D0-8D11-00A0C91BC942}") = "求数组最大值", "求数组最大值.vcxproj", "{70076DE0-D9EA-4761-A652-B3735A4857D6}"
EndProject
Global
	GlobalSection(SolutionConfigurationPlatforms) = preSolution
		Debug|x64 = Debug|x64
		Debug|x86 = Debug|x86
		Release|x64 = Release|x64
		Release|x86 = Release|x86
	EndGlobalSection
	GlobalSection(ProjectConfigurationPlatforms) = postSolution
		{70076DE0-D9EA-4761-A652-B3735A4857D6}.Debug|x64.ActiveCfg = Debug|x64
		{70076DE0-D9EA-4761-A652-B3735A4857D6}.Debug|x64.Build.0 = Debug|x64
		{70076DE0-D9EA-4761-A652-B3735A4857D6}.Debug|x86.ActiveCfg = Debug|Win32
		{70076DE0-D9EA-4761-A652-B3735A4857D6}.Debug|x86.Build.0 = Debug|Win32
		{70076DE0-D9EA-4761-A652-B3735A4857D6}.Release|x64.ActiveCfg = Release|x64
		{70076DE0-D9EA-4761-A652-B3735A4857D6}.Release|x64.Build.0 = Release|x64
		{70076DE0-D9EA-4761-A652-B3735A4857D6}.Release|x86.ActiveCfg = Release|Win32
		{70076DE0-D9EA-4761-A652-B3735A4857D6}.Release|x86.Build.0 = Release|Win32
	EndGlobalSection
	GlobalSection(SolutionProperties) = preSolution
		HideSolutionNode = FALSE
	EndGlobalSection
	GlobalSection(ExtensibilityGlobals) = postSolution
		SolutionGuid = {0CED785E-FD30-4AE4-9FAC-0E7A00A536FF}
	EndGlobalSection
EndGlobal
